// !$*UTF8*$!
{
	archiveVersion = 1;
	classes = {
	};
	objectVersion = 50;
	objects = {

/* Begin PBXBuildFile section */
		BA6FCF522506EC3A004CD58C /* UICircleProgressBar.swift in Sources */ = {isa = PBXBuildFile; fileRef = BA6FCF512506EC3A004CD58C /* UICircleProgressBar.swift */; };
		BABFF3BF250431AE00EDEEF5 /* AppDelegate.swift in Sources */ = {isa = PBXBuildFile; fileRef = BABFF3BE250431AE00EDEEF5 /* AppDelegate.swift */; };
		BABFF3C1250431AE00EDEEF5 /* SceneDelegate.swift in Sources */ = {isa = PBXBuildFile; fileRef = BABFF3C0250431AE00EDEEF5 /* SceneDelegate.swift */; };
		BABFF3C3250431AE00EDEEF5 /* ViewController.swift in Sources */ = {isa = PBXBuildFile; fileRef = BABFF3C2250431AE00EDEEF5 /* ViewController.swift */; };
		BABFF3C6250431AE00EDEEF5 /* Main.storyboard in Resources */ = {isa = PBXBuildFile; fileRef = BABFF3C4250431AE00EDEEF5 /* Main.storyboard */; };
		BABFF3C8250431B000EDEEF5 /* Assets.xcassets in Resources */ = {isa = PBXBuildFile; fileRef = BABFF3C7250431B000EDEEF5 /* Assets.xcassets */; };
		BABFF3CB250431B000EDEEF5 /* LaunchScreen.storyboard in Resources */ = {isa = PBXBuildFile; fileRef = BABFF3C9250431B000EDEEF5 /* LaunchScreen.storyboard */; };
		BABFF3DC2504494000EDEEF5 /* CustomTableViewCell.swift in Sources */ = {isa = PBXBuildFile; fileRef = BABFF3DA2504494000EDEEF5 /* CustomTableViewCell.swift */; };
		BABFF3DD2504494000EDEEF5 /* CustomTableViewCell.xib in Resources */ = {isa = PBXBuildFile; fileRef = BABFF3DB2504494000EDEEF5 /* CustomTableViewCell.xib */; };
		BABFF3E12504519F00EDEEF5 /* CircleProgressBarViewController.swift in Sources */ = {isa = PBXBuildFile; fileRef = BABFF3E02504519F00EDEEF5 /* CircleProgressBarViewController.swift */; };
		BABFF3E3250452C600EDEEF5 /* CircleProgressBarViewController.storyboard in Resources */ = {isa = PBXBuildFile; fileRef = BABFF3E2250452C600EDEEF5 /* CircleProgressBarViewController.storyboard */; };
/* End PBXBuildFile section */

/* Begin PBXFileReference section */
		BA6FCF512506EC3A004CD58C /* UICircleProgressBar.swift */ = {isa = PBXFileReference; lastKnownFileType = sourcecode.swift; path = UICircleProgressBar.swift; sourceTree = "<group>"; };
		BABFF3BB250431AE00EDEEF5 /* Animations.app */ = {isa = PBXFileReference; explicitFileType = wrapper.application; includeInIndex = 0; path = Animations.app; sourceTree = BUILT_PRODUCTS_DIR; };
		BABFF3BE250431AE00EDEEF5 /* AppDelegate.swift */ = {isa = PBXFileReference; lastKnownFileType = sourcecode.swift; path = AppDelegate.swift; sourceTree = "<group>"; };
		BABFF3C0250431AE00EDEEF5 /* SceneDelegate.swift */ = {isa = PBXFileReference; lastKnownFileType = sourcecode.swift; path = SceneDelegate.swift; sourceTree = "<group>"; };
		BABFF3C2250431AE00EDEEF5 /* ViewController.swift */ = {isa = PBXFileReference; lastKnownFileType = sourcecode.swift; path = ViewController.swift; sourceTree = "<group>"; };
		BABFF3C5250431AE00EDEEF5 /* Base */ = {isa = PBXFileReference; lastKnownFileType = file.storyboard; name = Base; path = Base.lproj/Main.storyboard; sourceTree = "<group>"; };
		BABFF3C7250431B000EDEEF5 /* Assets.xcassets */ = {isa = PBXFileReference; lastKnownFileType = folder.assetcatalog; path = Assets.xcassets; sourceTree = "<group>"; };
		BABFF3CA250431B000EDEEF5 /* Base */ = {isa = PBXFileReference; lastKnownFileType = file.storyboard; name = Base; path = Base.lproj/LaunchScreen.storyboard; sourceTree = "<group>"; };
		BABFF3CC250431B000EDEEF5 /* Info.plist */ = {isa = PBXFileReference; lastKnownFileType = text.plist.xml; path = Info.plist; sourceTree = "<group>"; };
		BABFF3DA2504494000EDEEF5 /* CustomTableViewCell.swift */ = {isa = PBXFileReference; lastKnownFileType = sourcecode.swift; path = CustomTableViewCell.swift; sourceTree = "<group>"; };
		BABFF3DB2504494000EDEEF5 /* CustomTableViewCell.xib */ = {isa = PBXFileReference; lastKnownFileType = file.xib; path = CustomTableViewCell.xib; sourceTree = "<group>"; };
		BABFF3E02504519F00EDEEF5 /* CircleProgressBarViewController.swift */ = {isa = PBXFileReference; lastKnownFileType = sourcecode.swift; path = CircleProgressBarViewController.swift; sourceTree = "<group>"; };
		BABFF3E2250452C600EDEEF5 /* CircleProgressBarViewController.storyboard */ = {isa = PBXFileReference; lastKnownFileType = file.storyboard; path = CircleProgressBarViewController.storyboard; sourceTree = "<group>"; };
/* End PBXFileReference section */

/* Begin PBXFrameworksBuildPhase section */
		BABFF3B8250431AE00EDEEF5 /* Frameworks */ = {
			isa = PBXFrameworksBuildPhase;
			buildActionMask = 2147483647;
			files = (
			);
			runOnlyForDeploymentPostprocessing = 0;
		};
/* End PBXFrameworksBuildPhase section */

/* Begin PBXGroup section */
		BA6FCF502506EBFA004CD58C /* UIElements */ = {
			isa = PBXGroup;
			children = (
				BA6FCF512506EC3A004CD58C /* UICircleProgressBar.swift */,
			);
			path = UIElements;
			sourceTree = "<group>";
		};
		BABFF3B2250431AE00EDEEF5 = {
			isa = PBXGroup;
			children = (
				BABFF3BD250431AE00EDEEF5 /* Animations */,
				BABFF3BC250431AE00EDEEF5 /* Products */,
			);
			sourceTree = "<group>";
		};
		BABFF3BC250431AE00EDEEF5 /* Products */ = {
			isa = PBXGroup;
			children = (
				BABFF3BB250431AE00EDEEF5 /* Animations.app */,
			);
			name = Products;
			sourceTree = "<group>";
		};
		BABFF3BD250431AE00EDEEF5 /* Animations */ = {
			isa = PBXGroup;
			children = (
				BA6FCF502506EBFA004CD58C /* UIElements */,
				BABFF3DF2504516100EDEEF5 /* circleProgressBar */,
				BABFF3DE2504513300EDEEF5 /* cell */,
				BABFF3BE250431AE00EDEEF5 /* AppDelegate.swift */,
				BABFF3C0250431AE00EDEEF5 /* SceneDelegate.swift */,
				BABFF3C2250431AE00EDEEF5 /* ViewController.swift */,
				BABFF3C4250431AE00EDEEF5 /* Main.storyboard */,
				BABFF3C7250431B000EDEEF5 /* Assets.xcassets */,
				BABFF3C9250431B000EDEEF5 /* LaunchScreen.storyboard */,
				BABFF3CC250431B000EDEEF5 /* Info.plist */,
			);
			path = Animations;
			sourceTree = "<group>";
		};
		BABFF3DE2504513300EDEEF5 /* cell */ = {
			isa = PBXGroup;
			children = (
				BABFF3DA2504494000EDEEF5 /* CustomTableViewCell.swift */,
				BABFF3DB2504494000EDEEF5 /* CustomTableViewCell.xib */,
			);
			path = cell;
			sourceTree = "<group>";
		};
		BABFF3DF2504516100EDEEF5 /* circleProgressBar */ = {
			isa = PBXGroup;
			children = (
				BABFF3E02504519F00EDEEF5 /* CircleProgressBarViewController.swift */,
				BABFF3E2250452C600EDEEF5 /* CircleProgressBarViewController.storyboard */,
			);
			path = circleProgressBar;
			sourceTree = "<group>";
		};
/* End PBXGroup section */

/* Begin PBXNativeTarget section */
		BABFF3BA250431AE00EDEEF5 /* Animations */ = {
			isa = PBXNativeTarget;
			buildConfigurationList = BABFF3CF250431B000EDEEF5 /* Build configuration list for PBXNativeTarget "Animations" */;
			buildPhases = (
				BABFF3B7250431AE00EDEEF5 /* Sources */,
				BABFF3B8250431AE00EDEEF5 /* Frameworks */,
				BABFF3B9250431AE00EDEEF5 /* Resources */,
			);
			buildRules = (
			);
			dependencies = (
			);
			name = Animations;
			productName = Animations;
			productReference = BABFF3BB250431AE00EDEEF5 /* Animations.app */;
			productType = "com.apple.product-type.application";
		};
/* End PBXNativeTarget section */

/* Begin PBXProject section */
		BABFF3B3250431AE00EDEEF5 /* Project object */ = {
			isa = PBXProject;
			attributes = {
				LastSwiftUpdateCheck = 1160;
				LastUpgradeCheck = 1160;
				ORGANIZATIONNAME = "Borisov Matvei";
				TargetAttributes = {
					BABFF3BA250431AE00EDEEF5 = {
						CreatedOnToolsVersion = 11.6;
					};
				};
			};
			buildConfigurationList = BABFF3B6250431AE00EDEEF5 /* Build configuration list for PBXProject "Animations" */;
			compatibilityVersion = "Xcode 9.3";
			developmentRegion = en;
			hasScannedForEncodings = 0;
			knownRegions = (
				en,
				Base,
			);
			mainGroup = BABFF3B2250431AE00EDEEF5;
			productRefGroup = BABFF3BC250431AE00EDEEF5 /* Products */;
			projectDirPath = "";
			projectRoot = "";
			targets = (
				BABFF3BA250431AE00EDEEF5 /* Animations */,
			);
		};
/* End PBXProject section */

/* Begin PBXResourcesBuildPhase section */
		BABFF3B9250431AE00EDEEF5 /* Resources */ = {
			isa = PBXResourcesBuildPhase;
			buildActionMask = 2147483647;
			files = (
				BABFF3CB250431B000EDEEF5 /* LaunchScreen.storyboard in Resources */,
				BABFF3C8250431B000EDEEF5 /* Assets.xcassets in Resources */,
				BABFF3E3250452C600EDEEF5 /* CircleProgressBarViewController.storyboard in Resources */,
				BABFF3DD2504494000EDEEF5 /* CustomTableViewCell.xib in Resources */,
				BABFF3C6250431AE00EDEEF5 /* Main.storyboard in Resources */,
			);
			runOnlyForDeploymentPostprocessing = 0;
		};
/* End PBXResourcesBuildPhase section */

/* Begin PBXSourcesBuildPhase section */
		BABFF3B7250431AE00EDEEF5 /* Sources */ = {
			isa = PBXSourcesBuildPhase;
			buildActionMask = 2147483647;
			files = (
				BA6FCF522506EC3A004CD58C /* UICircleProgressBar.swift in Sources */,
				BABFF3C3250431AE00EDEEF5 /* ViewController.swift in Sources */,
				BABFF3E12504519F00EDEEF5 /* CircleProgressBarViewController.swift in Sources */,
				BABFF3BF250431AE00EDEEF5 /* AppDelegate.swift in Sources */,
				BABFF3DC2504494000EDEEF5 /* CustomTableViewCell.swift in Sources */,
				BABFF3C1250431AE00EDEEF5 /* SceneDelegate.swift in Sources */,
			);
			runOnlyForDeploymentPostprocessing = 0;
		};
/* End PBXSourcesBuildPhase section */

/* Begin PBXVariantGroup section */
		BABFF3C4250431AE00EDEEF5 /* Main.storyboard */ = {
			isa = PBXVariantGroup;
			children = (
				BABFF3C5250431AE00EDEEF5 /* Base */,
			);
			name = Main.storyboard;
			sourceTree = "<group>";
		};
		BABFF3C9250431B000EDEEF5 /* LaunchScreen.storyboard */ = {
			isa = PBXVariantGroup;
			children = (
				BABFF3CA250431B000EDEEF5 /* Base */,
			);
			name = LaunchScreen.storyboard;
			sourceTree = "<group>";
		};
/* End PBXVariantGroup section */

/* Begin XCBuildConfiguration section */
		BABFF3CD250431B000EDEEF5 /* Debug */ = {
			isa = XCBuildConfiguration;
			buildSettings = {
				ALWAYS_SEARCH_USER_PATHS = NO;
				CLANG_ANALYZER_NONNULL = YES;
				CLANG_ANALYZER_NUMBER_OBJECT_CONVERSION = YES_AGGRESSIVE;
				CLANG_CXX_LANGUAGE_STANDARD = "gnu++14";
				CLANG_CXX_LIBRARY = "libc++";
				CLANG_ENABLE_MODULES = YES;
				CLANG_ENABLE_OBJC_ARC = YES;
				CLANG_ENABLE_OBJC_WEAK = YES;
				CLANG_WARN_BLOCK_CAPTURE_AUTORELEASING = YES;
				CLANG_WARN_BOOL_CONVERSION = YES;
				CLANG_WARN_COMMA = YES;
				CLANG_WARN_CONSTANT_CONVERSION = YES;
				CLANG_WARN_DEPRECATED_OBJC_IMPLEMENTATIONS = YES;
				CLANG_WARN_DIRECT_OBJC_ISA_USAGE = YES_ERROR;
				CLANG_WARN_DOCUMENTATION_COMMENTS = YES;
				CLANG_WARN_EMPTY_BODY = YES;
				CLANG_WARN_ENUM_CONVERSION = YES;
				CLANG_WARN_INFINITE_RECURSION = YES;
				CLANG_WARN_INT_CONVERSION = YES;
				CLANG_WARN_NON_LITERAL_NULL_CONVERSION = YES;
				CLANG_WARN_OBJC_IMPLICIT_RETAIN_SELF = YES;
				CLANG_WARN_OBJC_LITERAL_CONVERSION = YES;
				CLANG_WARN_OBJC_ROOT_CLASS = YES_ERROR;
				CLANG_WARN_RANGE_LOOP_ANALYSIS = YES;
				CLANG_WARN_STRICT_PROTOTYPES = YES;
				CLANG_WARN_SUSPICIOUS_MOVE = YES;
				CLANG_WARN_UNGUARDED_AVAILABILITY = YES_AGGRESSIVE;
				CLANG_WARN_UNREACHABLE_CODE = YES;
				CLANG_WARN__DUPLICATE_METHOD_MATCH = YES;
				COPY_PHASE_STRIP = NO;
				DEBUG_INFORMATION_FORMAT = dwarf;
				ENABLE_STRICT_OBJC_MSGSEND = YES;
				ENABLE_TESTABILITY = YES;
				GCC_C_LANGUAGE_STANDARD = gnu11;
				GCC_DYNAMIC_NO_PIC = NO;
				GCC_NO_COMMON_BLOCKS = YES;
				GCC_OPTIMIZATION_LEVEL = 0;
				GCC_PREPROCESSOR_DEFINITIONS = (
					"DEBUG=1",
					"$(inherited)",
				);
				GCC_WARN_64_TO_32_BIT_CONVERSION = YES;
				GCC_WARN_ABOUT_RETURN_TYPE = YES_ERROR;
				GCC_WARN_UNDECLARED_SELECTOR = YES;
				GCC_WARN_UNINITIALIZED_AUTOS = YES_AGGRESSIVE;
				GCC_WARN_UNUSED_FUNCTION = YES;
				GCC_WARN_UNUSED_VARIABLE = YES;
				IPHONEOS_DEPLOYMENT_TARGET = 13.6;
				MTL_ENABLE_DEBUG_INFO = INCLUDE_SOURCE;
				MTL_FAST_MATH = YES;
				ONLY_ACTIVE_ARCH = YES;
				SDKROOT = iphoneos;
				SWIFT_ACTIVE_COMPILATION_CONDITIONS = DEBUG;
				SWIFT_OPTIMIZATION_LEVEL = "-Onone";
			};
			name = Debug;
		};
		BABFF3CE250431B000EDEEF5 /* Release */ = {
			isa = XCBuildConfiguration;
			buildSettings = {
				ALWAYS_SEARCH_USER_PATHS = NO;
				CLANG_ANALYZER_NONNULL = YES;
				CLANG_ANALYZER_NUMBER_OBJECT_CONVERSION = YES_AGGRESSIVE;
				CLANG_CXX_LANGUAGE_STANDARD = "gnu++14";
				CLANG_CXX_LIBRARY = "libc++";
				CLANG_ENABLE_MODULES = YES;
				CLANG_ENABLE_OBJC_ARC = YES;
				CLANG_ENABLE_OBJC_WEAK = YES;
				CLANG_WARN_BLOCK_CAPTURE_AUTORELEASING = YES;
				CLANG_WARN_BOOL_CONVERSION = YES;
				CLANG_WARN_COMMA = YES;
				CLANG_WARN_CONSTANT_CONVERSION = YES;
				CLANG_WARN_DEPRECATED_OBJC_IMPLEMENTATIONS = YES;
				CLANG_WARN_DIRECT_OBJC_ISA_USAGE = YES_ERROR;
				CLANG_WARN_DOCUMENTATION_COMMENTS = YES;
				CLANG_WARN_EMPTY_BODY = YES;
				CLANG_WARN_ENUM_CONVERSION = YES;
				CLANG_WARN_INFINITE_RECURSION = YES;
				CLANG_WARN_INT_CONVERSION = YES;
				CLANG_WARN_NON_LITERAL_NULL_CONVERSION = YES;
				CLANG_WARN_OBJC_IMPLICIT_RETAIN_SELF = YES;
				CLANG_WARN_OBJC_LITERAL_CONVERSION = YES;
				CLANG_WARN_OBJC_ROOT_CLASS = YES_ERROR;
				CLANG_WARN_RANGE_LOOP_ANALYSIS = YES;
				CLANG_WARN_STRICT_PROTOTYPES = YES;
				CLANG_WARN_SUSPICIOUS_MOVE = YES;
				CLANG_WARN_UNGUARDED_AVAILABILITY = YES_AGGRESSIVE;
				CLANG_WARN_UNREACHABLE_CODE = YES;
				CLANG_WARN__DUPLICATE_METHOD_MATCH = YES;
				COPY_PHASE_STRIP = NO;
				DEBUG_INFORMATION_FORMAT = "dwarf-with-dsym";
				ENABLE_NS_ASSERTIONS = NO;
				ENABLE_STRICT_OBJC_MSGSEND = YES;
				GCC_C_LANGUAGE_STANDARD = gnu11;
				GCC_NO_COMMON_BLOCKS = YES;
				GCC_WARN_64_TO_32_BIT_CONVERSION = YES;
				GCC_WARN_ABOUT_RETURN_TYPE = YES_ERROR;
				GCC_WARN_UNDECLARED_SELECTOR = YES;
				GCC_WARN_UNINITIALIZED_AUTOS = YES_AGGRESSIVE;
				GCC_WARN_UNUSED_FUNCTION = YES;
				GCC_WARN_UNUSED_VARIABLE = YES;
				IPHONEOS_DEPLOYMENT_TARGET = 13.6;
				MTL_ENABLE_DEBUG_INFO = NO;
				MTL_FAST_MATH = YES;
				SDKROOT = iphoneos;
				SWIFT_COMPILATION_MODE = wholemodule;
				SWIFT_OPTIMIZATION_LEVEL = "-O";
				VALIDATE_PRODUCT = YES;
			};
			name = Release;
		};
		BABFF3D0250431B000EDEEF5 /* Debug */ = {
			isa = XCBuildConfiguration;
			buildSettings = {
				ASSETCATALOG_COMPILER_APPICON_NAME = AppIcon;
				CODE_SIGN_STYLE = Automatic;
				DEVELOPMENT_TEAM = 9N36M22CA6;
				INFOPLIST_FILE = Animations/Info.plist;
				LD_RUNPATH_SEARCH_PATHS = (
					"$(inherited)",
					"@executable_path/Frameworks",
				);
				PRODUCT_BUNDLE_IDENTIFIER = borisov.Matvey.Animations;
				PRODUCT_NAME = "$(TARGET_NAME)";
				SWIFT_VERSION = 5.0;
				TARGETED_DEVICE_FAMILY = "1,2";
			};
			name = Debug;
		};
		BABFF3D1250431B000EDEEF5 /* Release */ = {
			isa = XCBuildConfiguration;
			buildSettings = {
				ASSETCATALOG_COMPILER_APPICON_NAME = AppIcon;
				CODE_SIGN_STYLE = Automatic;
				DEVELOPMENT_TEAM = 9N36M22CA6;
				INFOPLIST_FILE = Animations/Info.plist;
				LD_RUNPATH_SEARCH_PATHS = (
					"$(inherited)",
					"@executable_path/Frameworks",
				);
				PRODUCT_BUNDLE_IDENTIFIER = borisov.Matvey.Animations;
				PRODUCT_NAME = "$(TARGET_NAME)";
				SWIFT_VERSION = 5.0;
				TARGETED_DEVICE_FAMILY = "1,2";
			};
			name = Release;
		};
/* End XCBuildConfiguration section */

/* Begin XCConfigurationList section */
		BABFF3B6250431AE00EDEEF5 /* Build configuration list for PBXProject "Animations" */ = {
			isa = XCConfigurationList;
			buildConfigurations = (
				BABFF3CD250431B000EDEEF5 /* Debug */,
				BABFF3CE250431B000EDEEF5 /* Release */,
			);
			defaultConfigurationIsVisible = 0;
			defaultConfigurationName = Release;
		};
		BABFF3CF250431B000EDEEF5 /* Build configuration list for PBXNativeTarget "Animations" */ = {
			isa = XCConfigurationList;
			buildConfigurations = (
				BABFF3D0250431B000EDEEF5 /* Debug */,
				BABFF3D1250431B000EDEEF5 /* Release */,
			);
			defaultConfigurationIsVisible = 0;
			defaultConfigurationName = Release;
		};
/* End XCConfigurationList section */
	};
	rootObject = BABFF3B3250431AE00EDEEF5 /* Project object */;
}
